// !$*UTF8*$!
{
	archiveVersion = 1;
	classes = {
	};
	objectVersion = 46;
	objects = {

/* Begin PBXBuildFile section */
		95204CF319E23D5B0025A9CB /* AppDelegate.swift in Sources */ = {isa = PBXBuildFile; fileRef = 95204CF219E23D5B0025A9CB /* AppDelegate.swift */; };
		95204CFA19E23D5B0025A9CB /* Main.storyboard in Resources */ = {isa = PBXBuildFile; fileRef = 95204CF819E23D5B0025A9CB /* Main.storyboard */; };
		95204CFC19E23D5B0025A9CB /* Images.xcassets in Resources */ = {isa = PBXBuildFile; fileRef = 95204CFB19E23D5B0025A9CB /* Images.xcassets */; };
		95204CFF19E23D5B0025A9CB /* LaunchScreen.xib in Resources */ = {isa = PBXBuildFile; fileRef = 95204CFD19E23D5B0025A9CB /* LaunchScreen.xib */; };
		95204D0B19E23D5B0025A9CB /* AttendenceReportTests.swift in Sources */ = {isa = PBXBuildFile; fileRef = 95204D0A19E23D5B0025A9CB /* AttendenceReportTests.swift */; };
		956E18D319E24CA300540D76 /* AttendenceReport.xcdatamodeld in Sources */ = {isa = PBXBuildFile; fileRef = 956E18D119E24CA300540D76 /* AttendenceReport.xcdatamodeld */; };
		956E18D619E256B300540D76 /* Report.swift in Sources */ = {isa = PBXBuildFile; fileRef = 956E18D519E256B300540D76 /* Report.swift */; };
		956E18D819E256B400540D76 /* Attendence.swift in Sources */ = {isa = PBXBuildFile; fileRef = 956E18D719E256B400540D76 /* Attendence.swift */; };
		956E18DA19E256B400540D76 /* Person.swift in Sources */ = {isa = PBXBuildFile; fileRef = 956E18D919E256B400540D76 /* Person.swift */; };
		956E18DC19E256B400540D76 /* Event.swift in Sources */ = {isa = PBXBuildFile; fileRef = 956E18DB19E256B400540D76 /* Event.swift */; };
		956E18DE19E256B400540D76 /* Group.swift in Sources */ = {isa = PBXBuildFile; fileRef = 956E18DD19E256B400540D76 /* Group.swift */; };
		956E18E419E25BD400540D76 /* GroupListTableViewController.swift in Sources */ = {isa = PBXBuildFile; fileRef = 956E18E319E25BD400540D76 /* GroupListTableViewController.swift */; };
		956E18E619E25C9600540D76 /* EventListTableViewController.swift in Sources */ = {isa = PBXBuildFile; fileRef = 956E18E519E25C9600540D76 /* EventListTableViewController.swift */; };
/* End PBXBuildFile section */

/* Begin PBXContainerItemProxy section */
		95204D0519E23D5B0025A9CB /* PBXContainerItemProxy */ = {
			isa = PBXContainerItemProxy;
			containerPortal = 95204CE519E23D5B0025A9CB /* Project object */;
			proxyType = 1;
			remoteGlobalIDString = 95204CEC19E23D5B0025A9CB;
			remoteInfo = AttendenceReport;
		};
/* End PBXContainerItemProxy section */

/* Begin PBXFileReference section */
		95204CED19E23D5B0025A9CB /* AttendenceReport.app */ = {isa = PBXFileReference; explicitFileType = wrapper.application; includeInIndex = 0; path = AttendenceReport.app; sourceTree = BUILT_PRODUCTS_DIR; };
		95204CF119E23D5B0025A9CB /* Info.plist */ = {isa = PBXFileReference; lastKnownFileType = text.plist.xml; path = Info.plist; sourceTree = "<group>"; };
		95204CF219E23D5B0025A9CB /* AppDelegate.swift */ = {isa = PBXFileReference; lastKnownFileType = sourcecode.swift; path = AppDelegate.swift; sourceTree = "<group>"; };
		95204CF919E23D5B0025A9CB /* Base */ = {isa = PBXFileReference; lastKnownFileType = file.storyboard; name = Base; path = Base.lproj/Main.storyboard; sourceTree = "<group>"; };
		95204CFB19E23D5B0025A9CB /* Images.xcassets */ = {isa = PBXFileReference; lastKnownFileType = folder.assetcatalog; path = Images.xcassets; sourceTree = "<group>"; };
		95204CFE19E23D5B0025A9CB /* Base */ = {isa = PBXFileReference; lastKnownFileType = file.xib; name = Base; path = Base.lproj/LaunchScreen.xib; sourceTree = "<group>"; };
		95204D0419E23D5B0025A9CB /* AttendenceReportTests.xctest */ = {isa = PBXFileReference; explicitFileType = wrapper.cfbundle; includeInIndex = 0; path = AttendenceReportTests.xctest; sourceTree = BUILT_PRODUCTS_DIR; };
		95204D0919E23D5B0025A9CB /* Info.plist */ = {isa = PBXFileReference; lastKnownFileType = text.plist.xml; path = Info.plist; sourceTree = "<group>"; };
		95204D0A19E23D5B0025A9CB /* AttendenceReportTests.swift */ = {isa = PBXFileReference; lastKnownFileType = sourcecode.swift; path = AttendenceReportTests.swift; sourceTree = "<group>"; };
		956E18D219E24CA300540D76 /* AttendenceReport.xcdatamodel */ = {isa = PBXFileReference; lastKnownFileType = wrapper.xcdatamodel; path = AttendenceReport.xcdatamodel; sourceTree = "<group>"; };
		956E18D519E256B300540D76 /* Report.swift */ = {isa = PBXFileReference; fileEncoding = 4; lastKnownFileType = sourcecode.swift; path = Report.swift; sourceTree = "<group>"; };
		956E18D719E256B400540D76 /* Attendence.swift */ = {isa = PBXFileReference; fileEncoding = 4; lastKnownFileType = sourcecode.swift; path = Attendence.swift; sourceTree = "<group>"; };
		956E18D919E256B400540D76 /* Person.swift */ = {isa = PBXFileReference; fileEncoding = 4; lastKnownFileType = sourcecode.swift; path = Person.swift; sourceTree = "<group>"; };
		956E18DB19E256B400540D76 /* Event.swift */ = {isa = PBXFileReference; fileEncoding = 4; lastKnownFileType = sourcecode.swift; path = Event.swift; sourceTree = "<group>"; };
		956E18DD19E256B400540D76 /* Group.swift */ = {isa = PBXFileReference; fileEncoding = 4; lastKnownFileType = sourcecode.swift; path = Group.swift; sourceTree = "<group>"; };
		956E18E319E25BD400540D76 /* GroupListTableViewController.swift */ = {isa = PBXFileReference; fileEncoding = 4; lastKnownFileType = sourcecode.swift; path = GroupListTableViewController.swift; sourceTree = "<group>"; };
		956E18E519E25C9600540D76 /* EventListTableViewController.swift */ = {isa = PBXFileReference; fileEncoding = 4; lastKnownFileType = sourcecode.swift; path = EventListTableViewController.swift; sourceTree = "<group>"; };
/* End PBXFileReference section */

/* Begin PBXFrameworksBuildPhase section */
		95204CEA19E23D5B0025A9CB /* Frameworks */ = {
			isa = PBXFrameworksBuildPhase;
			buildActionMask = 2147483647;
			files = (
			);
			runOnlyForDeploymentPostprocessing = 0;
		};
		95204D0119E23D5B0025A9CB /* Frameworks */ = {
			isa = PBXFrameworksBuildPhase;
			buildActionMask = 2147483647;
			files = (
			);
			runOnlyForDeploymentPostprocessing = 0;
		};
/* End PBXFrameworksBuildPhase section */

/* Begin PBXGroup section */
		95204CE419E23D5B0025A9CB = {
			isa = PBXGroup;
			children = (
				95204CEF19E23D5B0025A9CB /* AttendenceReport */,
				95204D0719E23D5B0025A9CB /* AttendenceReportTests */,
				95204CEE19E23D5B0025A9CB /* Products */,
			);
			sourceTree = "<group>";
		};
		95204CEE19E23D5B0025A9CB /* Products */ = {
			isa = PBXGroup;
			children = (
				95204CED19E23D5B0025A9CB /* AttendenceReport.app */,
				95204D0419E23D5B0025A9CB /* AttendenceReportTests.xctest */,
			);
			name = Products;
			sourceTree = "<group>";
		};
		95204CEF19E23D5B0025A9CB /* AttendenceReport */ = {
			isa = PBXGroup;
			children = (
				956E18D419E2569600540D76 /* NSManagedObjects */,
				95204CF219E23D5B0025A9CB /* AppDelegate.swift */,
				956E18E319E25BD400540D76 /* GroupListTableViewController.swift */,
				956E18E519E25C9600540D76 /* EventListTableViewController.swift */,
				95204CF819E23D5B0025A9CB /* Main.storyboard */,
				95204CFB19E23D5B0025A9CB /* Images.xcassets */,
				95204CFD19E23D5B0025A9CB /* LaunchScreen.xib */,
				95204CF019E23D5B0025A9CB /* Supporting Files */,
				956E18D119E24CA300540D76 /* AttendenceReport.xcdatamodeld */,
			);
			path = AttendenceReport;
			sourceTree = "<group>";
		};
		95204CF019E23D5B0025A9CB /* Supporting Files */ = {
			isa = PBXGroup;
			children = (
				95204CF119E23D5B0025A9CB /* Info.plist */,
			);
			name = "Supporting Files";
			sourceTree = "<group>";
		};
		95204D0719E23D5B0025A9CB /* AttendenceReportTests */ = {
			isa = PBXGroup;
			children = (
				95204D0A19E23D5B0025A9CB /* AttendenceReportTests.swift */,
				95204D0819E23D5B0025A9CB /* Supporting Files */,
			);
			path = AttendenceReportTests;
			sourceTree = "<group>";
		};
		95204D0819E23D5B0025A9CB /* Supporting Files */ = {
			isa = PBXGroup;
			children = (
				95204D0919E23D5B0025A9CB /* Info.plist */,
			);
			name = "Supporting Files";
			sourceTree = "<group>";
		};
		956E18D419E2569600540D76 /* NSManagedObjects */ = {
			isa = PBXGroup;
			children = (
				956E18DD19E256B400540D76 /* Group.swift */,
				956E18DB19E256B400540D76 /* Event.swift */,
				956E18D919E256B400540D76 /* Person.swift */,
				956E18D719E256B400540D76 /* Attendence.swift */,
				956E18D519E256B300540D76 /* Report.swift */,
			);
			name = NSManagedObjects;
			sourceTree = "<group>";
		};
/* End PBXGroup section */

/* Begin PBXNativeTarget section */
		95204CEC19E23D5B0025A9CB /* AttendenceReport */ = {
			isa = PBXNativeTarget;
			buildConfigurationList = 95204D0E19E23D5B0025A9CB /* Build configuration list for PBXNativeTarget "AttendenceReport" */;
			buildPhases = (
				95204CE919E23D5B0025A9CB /* Sources */,
				95204CEA19E23D5B0025A9CB /* Frameworks */,
				95204CEB19E23D5B0025A9CB /* Resources */,
			);
			buildRules = (
			);
			dependencies = (
			);
			name = AttendenceReport;
			productName = AttendenceReport;
			productReference = 95204CED19E23D5B0025A9CB /* AttendenceReport.app */;
			productType = "com.apple.product-type.application";
		};
		95204D0319E23D5B0025A9CB /* AttendenceReportTests */ = {
			isa = PBXNativeTarget;
			buildConfigurationList = 95204D1119E23D5B0025A9CB /* Build configuration list for PBXNativeTarget "AttendenceReportTests" */;
			buildPhases = (
				95204D0019E23D5B0025A9CB /* Sources */,
				95204D0119E23D5B0025A9CB /* Frameworks */,
				95204D0219E23D5B0025A9CB /* Resources */,
			);
			buildRules = (
			);
			dependencies = (
				95204D0619E23D5B0025A9CB /* PBXTargetDependency */,
			);
			name = AttendenceReportTests;
			productName = AttendenceReportTests;
			productReference = 95204D0419E23D5B0025A9CB /* AttendenceReportTests.xctest */;
			productType = "com.apple.product-type.bundle.unit-test";
		};
/* End PBXNativeTarget section */

/* Begin PBXProject section */
		95204CE519E23D5B0025A9CB /* Project object */ = {
			isa = PBXProject;
			attributes = {
				LastUpgradeCheck = 0600;
				ORGANIZATIONNAME = "Practical-Limits";
				TargetAttributes = {
					95204CEC19E23D5B0025A9CB = {
						CreatedOnToolsVersion = 6.0.1;
					};
					95204D0319E23D5B0025A9CB = {
						CreatedOnToolsVersion = 6.0.1;
						TestTargetID = 95204CEC19E23D5B0025A9CB;
					};
				};
			};
			buildConfigurationList = 95204CE819E23D5B0025A9CB /* Build configuration list for PBXProject "AttendenceReport" */;
			compatibilityVersion = "Xcode 3.2";
			developmentRegion = English;
			hasScannedForEncodings = 0;
			knownRegions = (
				en,
				Base,
			);
			mainGroup = 95204CE419E23D5B0025A9CB;
			productRefGroup = 95204CEE19E23D5B0025A9CB /* Products */;
			projectDirPath = "";
			projectRoot = "";
			targets = (
				95204CEC19E23D5B0025A9CB /* AttendenceReport */,
				95204D0319E23D5B0025A9CB /* AttendenceReportTests */,
			);
		};
/* End PBXProject section */

/* Begin PBXResourcesBuildPhase section */
		95204CEB19E23D5B0025A9CB /* Resources */ = {
			isa = PBXResourcesBuildPhase;
			buildActionMask = 2147483647;
			files = (
				95204CFA19E23D5B0025A9CB /* Main.storyboard in Resources */,
				95204CFF19E23D5B0025A9CB /* LaunchScreen.xib in Resources */,
				95204CFC19E23D5B0025A9CB /* Images.xcassets in Resources */,
			);
			runOnlyForDeploymentPostprocessing = 0;
		};
		95204D0219E23D5B0025A9CB /* Resources */ = {
			isa = PBXResourcesBuildPhase;
			buildActionMask = 2147483647;
			files = (
			);
			runOnlyForDeploymentPostprocessing = 0;
		};
/* End PBXResourcesBuildPhase section */

/* Begin PBXSourcesBuildPhase section */
		95204CE919E23D5B0025A9CB /* Sources */ = {
			isa = PBXSourcesBuildPhase;
			buildActionMask = 2147483647;
			files = (
				956E18DE19E256B400540D76 /* Group.swift in Sources */,
				956E18DC19E256B400540D76 /* Event.swift in Sources */,
				956E18D319E24CA300540D76 /* AttendenceReport.xcdatamodeld in Sources */,
				956E18E619E25C9600540D76 /* EventListTableViewController.swift in Sources */,
				956E18D619E256B300540D76 /* Report.swift in Sources */,
				956E18D819E256B400540D76 /* Attendence.swift in Sources */,
				956E18DA19E256B400540D76 /* Person.swift in Sources */,
				95204CF319E23D5B0025A9CB /* AppDelegate.swift in Sources */,
				956E18E419E25BD400540D76 /* GroupListTableViewController.swift in Sources */,
			);
			runOnlyForDeploymentPostprocessing = 0;
		};
		95204D0019E23D5B0025A9CB /* Sources */ = {
			isa = PBXSourcesBuildPhase;
			buildActionMask = 2147483647;
			files = (
				95204D0B19E23D5B0025A9CB /* AttendenceReportTests.swift in Sources */,
			);
			runOnlyForDeploymentPostprocessing = 0;
		};
/* End PBXSourcesBuildPhase section */

/* Begin PBXTargetDependency section */
		95204D0619E23D5B0025A9CB /* PBXTargetDependency */ = {
			isa = PBXTargetDependency;
			target = 95204CEC19E23D5B0025A9CB /* AttendenceReport */;
			targetProxy = 95204D0519E23D5B0025A9CB /* PBXContainerItemProxy */;
		};
/* End PBXTargetDependency section */

/* Begin PBXVariantGroup section */
		95204CF819E23D5B0025A9CB /* Main.storyboard */ = {
			isa = PBXVariantGroup;
			children = (
				95204CF919E23D5B0025A9CB /* Base */,
			);
			name = Main.storyboard;
			sourceTree = "<group>";
		};
		95204CFD19E23D5B0025A9CB /* LaunchScreen.xib */ = {
			isa = PBXVariantGroup;
			children = (
				95204CFE19E23D5B0025A9CB /* Base */,
			);
			name = LaunchScreen.xib;
			sourceTree = "<group>";
		};
/* End PBXVariantGroup section */

/* Begin XCBuildConfiguration section */
		95204D0C19E23D5B0025A9CB /* Debug */ = {
			isa = XCBuildConfiguration;
			buildSettings = {
				ALWAYS_SEARCH_USER_PATHS = NO;
				CLANG_CXX_LANGUAGE_STANDARD = "gnu++0x";
				CLANG_CXX_LIBRARY = "libc++";
				CLANG_ENABLE_MODULES = YES;
				CLANG_ENABLE_OBJC_ARC = YES;
				CLANG_WARN_BOOL_CONVERSION = YES;
				CLANG_WARN_CONSTANT_CONVERSION = YES;
				CLANG_WARN_DIRECT_OBJC_ISA_USAGE = YES_ERROR;
				CLANG_WARN_EMPTY_BODY = YES;
				CLANG_WARN_ENUM_CONVERSION = YES;
				CLANG_WARN_INT_CONVERSION = YES;
				CLANG_WARN_OBJC_ROOT_CLASS = YES_ERROR;
				CLANG_WARN_UNREACHABLE_CODE = YES;
				CLANG_WARN__DUPLICATE_METHOD_MATCH = YES;
				"CODE_SIGN_IDENTITY[sdk=iphoneos*]" = "iPhone Developer";
				COPY_PHASE_STRIP = NO;
				ENABLE_STRICT_OBJC_MSGSEND = YES;
				GCC_C_LANGUAGE_STANDARD = gnu99;
				GCC_DYNAMIC_NO_PIC = NO;
				GCC_OPTIMIZATION_LEVEL = 0;
				GCC_PREPROCESSOR_DEFINITIONS = (
					"DEBUG=1",
					"$(inherited)",
				);
				GCC_SYMBOLS_PRIVATE_EXTERN = NO;
				GCC_WARN_64_TO_32_BIT_CONVERSION = YES;
				GCC_WARN_ABOUT_RETURN_TYPE = YES_ERROR;
				GCC_WARN_UNDECLARED_SELECTOR = YES;
				GCC_WARN_UNINITIALIZED_AUTOS = YES_AGGRESSIVE;
				GCC_WARN_UNUSED_FUNCTION = YES;
				GCC_WARN_UNUSED_VARIABLE = YES;
				IPHONEOS_DEPLOYMENT_TARGET = 8.0;
				MTL_ENABLE_DEBUG_INFO = YES;
				ONLY_ACTIVE_ARCH = YES;
				SDKROOT = iphoneos;
				SWIFT_OPTIMIZATION_LEVEL = "-Onone";
				TARGETED_DEVICE_FAMILY = "1,2";
			};
			name = Debug;
		};
		95204D0D19E23D5B0025A9CB /* Release */ = {
			isa = XCBuildConfiguration;
			buildSettings = {
				ALWAYS_SEARCH_USER_PATHS = NO;
				CLANG_CXX_LANGUAGE_STANDARD = "gnu++0x";
				CLANG_CXX_LIBRARY = "libc++";
				CLANG_ENABLE_MODULES = YES;
				CLANG_ENABLE_OBJC_ARC = YES;
				CLANG_WARN_BOOL_CONVERSION = YES;
				CLANG_WARN_CONSTANT_CONVERSION = YES;
				CLANG_WARN_DIRECT_OBJC_ISA_USAGE = YES_ERROR;
				CLANG_WARN_EMPTY_BODY = YES;
				CLANG_WARN_ENUM_CONVERSION = YES;
				CLANG_WARN_INT_CONVERSION = YES;
				CLANG_WARN_OBJC_ROOT_CLASS = YES_ERROR;
				CLANG_WARN_UNREACHABLE_CODE = YES;
				CLANG_WARN__DUPLICATE_METHOD_MATCH = YES;
				"CODE_SIGN_IDENTITY[sdk=iphoneos*]" = "iPhone Developer";
				COPY_PHASE_STRIP = YES;
				ENABLE_NS_ASSERTIONS = NO;
				ENABLE_STRICT_OBJC_MSGSEND = YES;
				GCC_C_LANGUAGE_STANDARD = gnu99;
				GCC_WARN_64_TO_32_BIT_CONVERSION = YES;
				GCC_WARN_ABOUT_RETURN_TYPE = YES_ERROR;
				GCC_WARN_UNDECLARED_SELECTOR = YES;
				GCC_WARN_UNINITIALIZED_AUTOS = YES_AGGRESSIVE;
				GCC_WARN_UNUSED_FUNCTION = YES;
				GCC_WARN_UNUSED_VARIABLE = YES;
				IPHONEOS_DEPLOYMENT_TARGET = 8.0;
				MTL_ENABLE_DEBUG_INFO = NO;
				SDKROOT = iphoneos;
				TARGETED_DEVICE_FAMILY = "1,2";
				VALIDATE_PRODUCT = YES;
			};
			name = Release;
		};
		95204D0F19E23D5B0025A9CB /* Debug */ = {
			isa = XCBuildConfiguration;
			buildSettings = {
				ASSETCATALOG_COMPILER_APPICON_NAME = AppIcon;
				INFOPLIST_FILE = AttendenceReport/Info.plist;
				IPHONEOS_DEPLOYMENT_TARGET = 7.0;
				LD_RUNPATH_SEARCH_PATHS = "$(inherited) @executable_path/Frameworks";
				PRODUCT_NAME = "$(TARGET_NAME)";
			};
			name = Debug;
		};
		95204D1019E23D5B0025A9CB /* Release */ = {
			isa = XCBuildConfiguration;
			buildSettings = {
				ASSETCATALOG_COMPILER_APPICON_NAME = AppIcon;
				INFOPLIST_FILE = AttendenceReport/Info.plist;
				IPHONEOS_DEPLOYMENT_TARGET = 7.0;
				LD_RUNPATH_SEARCH_PATHS = "$(inherited) @executable_path/Frameworks";
				PRODUCT_NAME = "$(TARGET_NAME)";
			};
			name = Release;
		};
		95204D1219E23D5B0025A9CB /* Debug */ = {
			isa = XCBuildConfiguration;
			buildSettings = {
				BUNDLE_LOADER = "$(TEST_HOST)";
				FRAMEWORK_SEARCH_PATHS = (
					"$(SDKROOT)/Developer/Library/Frameworks",
					"$(inherited)",
				);
				GCC_PREPROCESSOR_DEFINITIONS = (
					"DEBUG=1",
					"$(inherited)",
				);
				INFOPLIST_FILE = AttendenceReportTests/Info.plist;
				LD_RUNPATH_SEARCH_PATHS = "$(inherited) @executable_path/Frameworks @loader_path/Frameworks";
				PRODUCT_NAME = "$(TARGET_NAME)";
				TEST_HOST = "$(BUILT_PRODUCTS_DIR)/AttendenceReport.app/AttendenceReport";
			};
			name = Debug;
		};
		95204D1319E23D5B0025A9CB /* Release */ = {
			isa = XCBuildConfiguration;
			buildSettings = {
				BUNDLE_LOADER = "$(TEST_HOST)";
				FRAMEWORK_SEARCH_PATHS = (
					"$(SDKROOT)/Developer/Library/Frameworks",
					"$(inherited)",
				);
				INFOPLIST_FILE = AttendenceReportTests/Info.plist;
				LD_RUNPATH_SEARCH_PATHS = "$(inherited) @executable_path/Frameworks @loader_path/Frameworks";
				PRODUCT_NAME = "$(TARGET_NAME)";
				TEST_HOST = "$(BUILT_PRODUCTS_DIR)/AttendenceReport.app/AttendenceReport";
			};
			name = Release;
		};
/* End XCBuildConfiguration section */

/* Begin XCConfigurationList section */
		95204CE819E23D5B0025A9CB /* Build configuration list for PBXProject "AttendenceReport" */ = {
			isa = XCConfigurationList;
			buildConfigurations = (
				95204D0C19E23D5B0025A9CB /* Debug */,
				95204D0D19E23D5B0025A9CB /* Release */,
			);
			defaultConfigurationIsVisible = 0;
			defaultConfigurationName = Release;
		};
		95204D0E19E23D5B0025A9CB /* Build configuration list for PBXNativeTarget "AttendenceReport" */ = {
			isa = XCConfigurationList;
			buildConfigurations = (
				95204D0F19E23D5B0025A9CB /* Debug */,
				95204D1019E23D5B0025A9CB /* Release */,
			);
			defaultConfigurationIsVisible = 0;
			defaultConfigurationName = Release;
		};
		95204D1119E23D5B0025A9CB /* Build configuration list for PBXNativeTarget "AttendenceReportTests" */ = {
			isa = XCConfigurationList;
			buildConfigurations = (
				95204D1219E23D5B0025A9CB /* Debug */,
				95204D1319E23D5B0025A9CB /* Release */,
			);
			defaultConfigurationIsVisible = 0;
			defaultConfigurationName = Release;
		};
/* End XCConfigurationList section */

/* Begin XCVersionGroup section */
		956E18D119E24CA300540D76 /* AttendenceReport.xcdatamodeld */ = {
			isa = XCVersionGroup;
			children = (
				956E18D219E24CA300540D76 /* AttendenceReport.xcdatamodel */,
			);
			currentVersion = 956E18D219E24CA300540D76 /* AttendenceReport.xcdatamodel */;
			path = AttendenceReport.xcdatamodeld;
			sourceTree = "<group>";
			versionGroupType = wrapper.xcdatamodel;
		};
/* End XCVersionGroup section */
	};
	rootObject = 95204CE519E23D5B0025A9CB /* Project object */;
}
